PODS:
  - AdColony (4.6.1)
  - AppLovinSDK (10.3.0)
  - fairbid_flutter (0.0.1):
    - FairBidSDK (~> 3.15.0)
    - Flutter
  - FairBidSDK (3.15.0)
  - FBAudienceNetwork (6.5.0):
    - FBSDKCoreKit/Basics (>= 7.0.1)
  - FBSDKCoreKit/Basics (9.3.0)
  - Flutter (1.0.0)
  - InMobiSDK (9.1.5):
    - InMobiSDK/InMobiSDK (= 9.1.5)
  - InMobiSDK/Core (9.1.5)
  - InMobiSDK/InMobiSDK (9.1.5):
    - InMobiSDK/Core
    - InMobiSDK/Moat
  - InMobiSDK/Moat (9.1.5):
    - InMobiSDK/Core
  - IronSourceSDK (7.1.6.1)
  - UnityAds (3.7.2)
  - Verizon-Ads-Core (2.7.0)
  - Verizon-Ads-InlinePlacement (1.7.0):
    - Verizon-Ads-Core (~> 2.6)
    - Verizon-Ads-Support (~> 1.13)
  - Verizon-Ads-InlineWebAdapter (1.7.0):
    - Verizon-Ads-Core (~> 2.6)
    - Verizon-Ads-InlinePlacement (~> 1.7)
    - Verizon-Ads-Support (~> 1.13)
    - Verizon-Ads-WebController (~> 1.5)
    - Verizon-Ads-WebView (~> 1.8)
  - Verizon-Ads-InterstitialPlacement (1.7.0):
    - Verizon-Ads-Core (~> 2.6)
    - Verizon-Ads-Support (~> 1.13)
  - Verizon-Ads-InterstitialVASTAdapter (1.7.0):
    - Verizon-Ads-Core (~> 2.6)
    - Verizon-Ads-InterstitialPlacement (~> 1.7)
    - Verizon-Ads-Support (~> 1.13)
    - Verizon-Ads-VASTController (~> 1.9)
  - Verizon-Ads-InterstitialWebAdapter (1.7.0):
    - Verizon-Ads-Core (~> 2.6)
    - Verizon-Ads-InterstitialPlacement (~> 1.7)
    - Verizon-Ads-Support (~> 1.13)
    - Verizon-Ads-WebController (~> 1.5)
    - Verizon-Ads-WebView (~> 1.8)
  - Verizon-Ads-NativePlacement (1.13.0):
    - Verizon-Ads-Core (~> 2.6)
    - Verizon-Ads-OMSDK (~> 1.9)
    - Verizon-Ads-Support (~> 1.13)
  - Verizon-Ads-NativeVerizonNativeAdapter (2.8.0):
    - Verizon-Ads-Core (~> 2.6)
    - Verizon-Ads-NativePlacement (~> 1.13)
    - Verizon-Ads-OMSDK (~> 1.9)
    - Verizon-Ads-Support (~> 1.13)
    - Verizon-Ads-VerizonNativeController (~> 2.13)
  - Verizon-Ads-OMSDK (1.9.0):
    - Verizon-Ads-Core (~> 2.6)
  - Verizon-Ads-StandardEdition (1.13.0):
    - Verizon-Ads-Core (= 2.7.0)
    - Verizon-Ads-InlinePlacement (= 1.7.0)
    - Verizon-Ads-InlineWebAdapter (= 1.7.0)
    - Verizon-Ads-InterstitialPlacement (= 1.7.0)
    - Verizon-Ads-InterstitialVASTAdapter (= 1.7.0)
    - Verizon-Ads-InterstitialWebAdapter (= 1.7.0)
    - Verizon-Ads-NativePlacement (= 1.13.0)
    - Verizon-Ads-NativeVerizonNativeAdapter (= 2.8.0)
    - Verizon-Ads-OMSDK (= 1.9.0)
    - Verizon-Ads-Support (= 1.14.0)
    - Verizon-Ads-URIExperience (= 2.8.0)
    - Verizon-Ads-VASTController (= 1.9.0)
    - Verizon-Ads-VerizonNativeController (= 2.14.0)
    - Verizon-Ads-VideoPlayer (= 1.8.0)
    - Verizon-Ads-WebController (= 1.6.0)
    - Verizon-Ads-WebView (= 1.9.0)
  - Verizon-Ads-Support (1.14.0):
    - Verizon-Ads-Core (~> 2.7)
  - Verizon-Ads-URIExperience (2.8.0):
    - Verizon-Ads-Core (~> 2.7)
    - Verizon-Ads-Support (~> 1.14)
  - Verizon-Ads-VASTController (1.9.0):
    - Verizon-Ads-Core (~> 2.6)
    - Verizon-Ads-OMSDK (~> 1.9)
    - Verizon-Ads-Support (~> 1.13)
  - Verizon-Ads-VerizonNativeController (2.14.0):
    - Verizon-Ads-Core (~> 2.7)
    - Verizon-Ads-OMSDK (~> 1.9)
    - Verizon-Ads-Support (~> 1.14)
  - Verizon-Ads-VideoPlayer (1.8.0):
    - Verizon-Ads-Core (~> 2.6)
  - Verizon-Ads-WebController (1.6.0):
    - Verizon-Ads-Core (~> 2.7)
    - Verizon-Ads-Support (~> 1.14)
    - Verizon-Ads-WebView (~> 1.9)
  - Verizon-Ads-WebView (1.9.0):
    - Verizon-Ads-Core (~> 2.7)
    - Verizon-Ads-OMSDK (~> 1.9)
    - Verizon-Ads-Support (~> 1.14)
  - VungleSDK-iOS (6.9.2)

DEPENDENCIES:
  - AdColony (= 4.6.1)
  - AppLovinSDK (= 10.3.0)
  - fairbid_flutter (from `.symlinks/plugins/fairbid_flutter/ios`)
  - FBAudienceNetwork (= 6.5.0)
  - Flutter (from `Flutter`)
  - InMobiSDK (= 9.1.5)
  - IronSourceSDK (= 7.1.6.1)
  - UnityAds (= 3.7.2)
  - Verizon-Ads-StandardEdition (= 1.13.0)
  - VungleSDK-iOS (= 6.9.2)

SPEC REPOS:
  trunk:
    - AdColony
    - AppLovinSDK
    - FairBidSDK
    - FBAudienceNetwork
    - FBSDKCoreKit
    - InMobiSDK
    - IronSourceSDK
    - UnityAds
    - Verizon-Ads-Core
    - Verizon-Ads-InlinePlacement
    - Verizon-Ads-InlineWebAdapter
    - Verizon-Ads-InterstitialPlacement
    - Verizon-Ads-InterstitialVASTAdapter
    - Verizon-Ads-InterstitialWebAdapter
    - Verizon-Ads-NativePlacement
    - Verizon-Ads-NativeVerizonNativeAdapter
    - Verizon-Ads-OMSDK
    - Verizon-Ads-StandardEdition
    - Verizon-Ads-Support
    - Verizon-Ads-URIExperience
    - Verizon-Ads-VASTController
    - Verizon-Ads-VerizonNativeController
    - Verizon-Ads-VideoPlayer
    - Verizon-Ads-WebController
    - Verizon-Ads-WebView
    - VungleSDK-iOS

EXTERNAL SOURCES:
  fairbid_flutter:
    :path: ".symlinks/plugins/fairbid_flutter/ios"
  Flutter:
    :path: Flutter

SPEC CHECKSUMS:
  AdColony: 957c975fa756fcdb10a91e8a7d6de4cf5bfc4f78
  AppLovinSDK: 1f33698981d365c478beb314283837dfe2144adb
  fairbid_flutter: 6038885301a13fd4027d0b1d37572db7b310ff14
  FairBidSDK: b991b5575f463cbc55d9f909decfc5f8309ed325
  FBAudienceNetwork: cfe55330dcc4e9a1df083c34a346ca7f8e32951e
  FBSDKCoreKit: 0d1ae58388a458b8222f72025804cdc84eb5d0c3
  Flutter: 434fef37c0980e73bb6479ef766c45957d4b510c
  InMobiSDK: 4f30f1c2dc10e15ce897166b063c5f0c85829cff
  IronSourceSDK: bd82f7c69f17effbdec0a09e9426304427490da0
  UnityAds: cca7e2191591e0bb5d45231f012a2c8722c3e686
  Verizon-Ads-Core: c631bf3b586df8b7c11d1098ba7bbd398299adf2
  Verizon-Ads-InlinePlacement: 8c1736b9084e7a19adc4674f1952313fab73e0af
  Verizon-Ads-InlineWebAdapter: 97e9403dffaa1df562caceb23b95cb5f882f7365
  Verizon-Ads-InterstitialPlacement: 3f7b3e7bbfef153e1bca6b0c7e1068dacc4440a9
  Verizon-Ads-InterstitialVASTAdapter: 450f26cbff567732bbd4a7dea3d4e92c05838891
  Verizon-Ads-InterstitialWebAdapter: 7413cee8fd2506b73d38dd6b2f3b3ed6a29db2c0
  Verizon-Ads-NativePlacement: 45d1c25278ac3b5b0cd513048bbc72048e0e769e
  Verizon-Ads-NativeVerizonNativeAdapter: 5cbbbf194800590369e64410f9872562b5ad6e71
  Verizon-Ads-OMSDK: bd12044f938620c3c6441f1180a45099cc0896b2
  Verizon-Ads-StandardEdition: e66b8fc587e4e3ef890bff71ba43e0684f3056a1
  Verizon-Ads-Support: a71b2bd963efa880b7897cae6790356a27b393df
  Verizon-Ads-URIExperience: a7d59e8a3afcc72f68b8574083d25e6946eaafc8
  Verizon-Ads-VASTController: 1fd5d4df43e403089e854388af4df9a111096e7d
  Verizon-Ads-VerizonNativeController: 6eb610f0a6d11e736e8374e10872503299cf3c10
  Verizon-Ads-VideoPlayer: ec9eaa22c692a4a25b68863233fdeff701d40a11
  Verizon-Ads-WebController: 6d335f12003966cc39ef5bca7ba882271478fe3d
  Verizon-Ads-WebView: 4e6a4ab55b5b368e4b3d13fc446e61242687ae05
  VungleSDK-iOS: f9dbcb5dde6036d424c29fbdd43159b1be19bdbd

PODFILE CHECKSUM: a3cb68abb98816234c0ae0e492e023d0ec5abc05

COCOAPODS: 1.10.1
